
Microsoft Visual Studio Solution File, Format Version 12.00
# Visual Studio Version 17
VisualStudioVersion = 17.3.32611.2
MinimumVisualStudioVersion = 10.0.40219.1
Project("{FAE04EC0-301F-11D3-BF4B-00C04F79EFBC}") = "BikeFitter.Api", "BikeFitter.Api\BikeFitter.Api.csproj", "{6760CD8D-C023-4D28-8080-6C98722DA6FE}"
EndProject
Global
	GlobalSection(SolutionConfigurationPlatforms) = preSolution
		Debug|Any CPU = Debug|Any CPU
		Release|Any CPU = Release|Any CPU
	EndGlobalSection
	GlobalSection(ProjectConfigurationPlatforms) = postSolution
		{6760CD8D-C023-4D28-8080-6C98722DA6FE}.Debug|Any CPU.ActiveCfg = Debug|Any CPU
		{6760CD8D-C023-4D28-8080-6C98722DA6FE}.Debug|Any CPU.Build.0 = Debug|Any CPU
		{6760CD8D-C023-4D28-8080-6C98722DA6FE}.Release|Any CPU.ActiveCfg = Release|Any CPU
		{6760CD8D-C023-4D28-8080-6C98722DA6FE}.Release|Any CPU.Build.0 = Release|Any CPU
	EndGlobalSection
	GlobalSection(SolutionProperties) = preSolution
		HideSolutionNode = FALSE
	EndGlobalSection
	GlobalSection(ExtensibilityGlobals) = postSolution
		SolutionGuid = {ACF184AB-5098-4D83-993F-93639752741B}
	EndGlobalSection
EndGlobal
